# This file is automatically @generated by Cargo.
# It is not intended for manual editing.
version = 4

[[package]]
name = "concat-strs-derive"
version = "0.1.20241121"
dependencies = [
 "proc-macro2",
 "quote",
 "syn",
]

[[package]]
name = "proc-macro2"
version = "1.0.90"
source = "registry+https://github.com/rust-lang/crates.io-index"
checksum = "d4e1ced3fe749df87a909c23e9607ab9a09c8f0bedb7e03b8146f4c08c298673"
dependencies = [
 "unicode-ident",
]

[[package]]
name = "quote"
version = "1.0.37"
source = "registry+https://github.com/rust-lang/crates.io-index"
checksum = "b5b9d34b8991d19d98081b46eacdd8eb58c6f2b201139f7c5f643cc155a633af"
dependencies = [
 "proc-macro2",
]

[[package]]
name = "syn"
version = "2.0.88"
source = "registry+https://github.com/rust-lang/crates.io-index"
checksum = "f8e9a4e1639f47f655bf8e5198232f05615d5fb7e864ef5c4f5abdaf8ad3b8f4"
dependencies = [
 "proc-macro2",
 "quote",
 "unicode-ident",
]

[[package]]
name = "unicode-ident"
version = "1.0.14"
source = "registry+https://github.com/rust-lang/crates.io-index"
checksum = "adb9e6ca4f869e1180728b7950e35922a7fc6397f7b641499e8f3ef06e50dc83"
